// !$*UTF8*$!
{
	archiveVersion = 1;
	classes = {
	};
	objectVersion = 56;
	objects = {

/* Begin PBXBuildFile section */
		6E7B977C2DC8395B00A519E2 /* PokemonCardCrawlerApp.swift in Sources */ = {isa = PBXBuildFile; fileRef = 6E7B977B2DC8395B00A519E2 /* PokemonCardCrawlerApp.swift */; };
		6E7B977E2DC8395B00A519E2 /* ContentView.swift in Sources */ = {isa = PBXBuildFile; fileRef = 6E7B977D2DC8395B00A519E2 /* ContentView.swift */; };
		6E7B97802DC8395E00A519E2 /* Assets.xcassets in Resources */ = {isa = PBXBuildFile; fileRef = 6E7B977F2DC8395E00A519E2 /* Assets.xcassets */; };
		6E7B97832DC8395E00A519E2 /* Preview Assets.xcassets in Resources */ = {isa = PBXBuildFile; fileRef = 6E7B97822DC8395E00A519E2 /* Preview Assets.xcassets */; };
		6E7B97852DC8395E00A519E2 /* Persistence.swift in Sources */ = {isa = PBXBuildFile; fileRef = 6E7B97842DC8395E00A519E2 /* Persistence.swift */; };
		6E7B97882DC8395E00A519E2 /* PokemonCardCrawler.xcdatamodeld in Sources */ = {isa = PBXBuildFile; fileRef = 6E7B97862DC8395E00A519E2 /* PokemonCardCrawler.xcdatamodeld */; };
		6E7B97932DC8395F00A519E2 /* PokemonCardCrawlerTests.swift in Sources */ = {isa = PBXBuildFile; fileRef = 6E7B97922DC8395F00A519E2 /* PokemonCardCrawlerTests.swift */; };
		6E7B979D2DC8395F00A519E2 /* PokemonCardCrawlerUITests.swift in Sources */ = {isa = PBXBuildFile; fileRef = 6E7B979C2DC8395F00A519E2 /* PokemonCardCrawlerUITests.swift */; };
		6E7B979F2DC8395F00A519E2 /* PokemonCardCrawlerUITestsLaunchTests.swift in Sources */ = {isa = PBXBuildFile; fileRef = 6E7B979E2DC8395F00A519E2 /* PokemonCardCrawlerUITestsLaunchTests.swift */; };
		6EE4D3DE2DC8DD7300B9C17C /* CardRowView.swift in Sources */ = {isa = PBXBuildFile; fileRef = 6EE4D3DD2DC8DD7300B9C17C /* CardRowView.swift */; };
		6EE4D3E02DC8DDE100B9C17C /* CardDetailView.swift in Sources */ = {isa = PBXBuildFile; fileRef = 6EE4D3DF2DC8DDE100B9C17C /* CardDetailView.swift */; };
		6EE4D3E22DC8DEB800B9C17C /* CrawlerViewModel.swift in Sources */ = {isa = PBXBuildFile; fileRef = 6EE4D3E12DC8DEB800B9C17C /* CrawlerViewModel.swift */; };
		6EE4D3E42DC8DF0A00B9C17C /* CardCrawler.swift in Sources */ = {isa = PBXBuildFile; fileRef = 6EE4D3E32DC8DF0A00B9C17C /* CardCrawler.swift */; };
		6EE4D3E62DC8DFC800B9C17C /* DeckView.swift in Sources */ = {isa = PBXBuildFile; fileRef = 6EE4D3E52DC8DFC800B9C17C /* DeckView.swift */; };
		6EE92D012DC8EBEE00A5B19D /* NotificationExtensions.swift in Sources */ = {isa = PBXBuildFile; fileRef = 6EE92D002DC8EBEE00A5B19D /* NotificationExtensions.swift */; };
/* End PBXBuildFile section */

/* Begin PBXContainerItemProxy section */
		6E7B978F2DC8395F00A519E2 /* PBXContainerItemProxy */ = {
			isa = PBXContainerItemProxy;
			containerPortal = 6E7B97702DC8395B00A519E2 /* Project object */;
			proxyType = 1;
			remoteGlobalIDString = 6E7B97772DC8395B00A519E2;
			remoteInfo = PokemonCardCrawler;
		};
		6E7B97992DC8395F00A519E2 /* PBXContainerItemProxy */ = {
			isa = PBXContainerItemProxy;
			containerPortal = 6E7B97702DC8395B00A519E2 /* Project object */;
			proxyType = 1;
			remoteGlobalIDString = 6E7B97772DC8395B00A519E2;
			remoteInfo = PokemonCardCrawler;
		};
/* End PBXContainerItemProxy section */

/* Begin PBXFileReference section */
		6E7B97782DC8395B00A519E2 /* PokemonCardCrawler.app */ = {isa = PBXFileReference; explicitFileType = wrapper.application; includeInIndex = 0; path = PokemonCardCrawler.app; sourceTree = BUILT_PRODUCTS_DIR; };
		6E7B977B2DC8395B00A519E2 /* PokemonCardCrawlerApp.swift */ = {isa = PBXFileReference; lastKnownFileType = sourcecode.swift; path = PokemonCardCrawlerApp.swift; sourceTree = "<group>"; };
		6E7B977D2DC8395B00A519E2 /* ContentView.swift */ = {isa = PBXFileReference; lastKnownFileType = sourcecode.swift; path = ContentView.swift; sourceTree = "<group>"; };
		6E7B977F2DC8395E00A519E2 /* Assets.xcassets */ = {isa = PBXFileReference; lastKnownFileType = folder.assetcatalog; path = Assets.xcassets; sourceTree = "<group>"; };
		6E7B97822DC8395E00A519E2 /* Preview Assets.xcassets */ = {isa = PBXFileReference; lastKnownFileType = folder.assetcatalog; path = "Preview Assets.xcassets"; sourceTree = "<group>"; };
		6E7B97842DC8395E00A519E2 /* Persistence.swift */ = {isa = PBXFileReference; lastKnownFileType = sourcecode.swift; path = Persistence.swift; sourceTree = "<group>"; };
		6E7B97872DC8395E00A519E2 /* PokemonCardCrawler.xcdatamodel */ = {isa = PBXFileReference; lastKnownFileType = wrapper.xcdatamodel; path = PokemonCardCrawler.xcdatamodel; sourceTree = "<group>"; };
		6E7B97892DC8395E00A519E2 /* PokemonCardCrawler.entitlements */ = {isa = PBXFileReference; lastKnownFileType = text.plist.entitlements; path = PokemonCardCrawler.entitlements; sourceTree = "<group>"; };
		6E7B978E2DC8395F00A519E2 /* PokemonCardCrawlerTests.xctest */ = {isa = PBXFileReference; explicitFileType = wrapper.cfbundle; includeInIndex = 0; path = PokemonCardCrawlerTests.xctest; sourceTree = BUILT_PRODUCTS_DIR; };
		6E7B97922DC8395F00A519E2 /* PokemonCardCrawlerTests.swift */ = {isa = PBXFileReference; lastKnownFileType = sourcecode.swift; path = PokemonCardCrawlerTests.swift; sourceTree = "<group>"; };
		6E7B97982DC8395F00A519E2 /* PokemonCardCrawlerUITests.xctest */ = {isa = PBXFileReference; explicitFileType = wrapper.cfbundle; includeInIndex = 0; path = PokemonCardCrawlerUITests.xctest; sourceTree = BUILT_PRODUCTS_DIR; };
		6E7B979C2DC8395F00A519E2 /* PokemonCardCrawlerUITests.swift */ = {isa = PBXFileReference; lastKnownFileType = sourcecode.swift; path = PokemonCardCrawlerUITests.swift; sourceTree = "<group>"; };
		6E7B979E2DC8395F00A519E2 /* PokemonCardCrawlerUITestsLaunchTests.swift */ = {isa = PBXFileReference; lastKnownFileType = sourcecode.swift; path = PokemonCardCrawlerUITestsLaunchTests.swift; sourceTree = "<group>"; };
		6EE4D3DD2DC8DD7300B9C17C /* CardRowView.swift */ = {isa = PBXFileReference; lastKnownFileType = sourcecode.swift; path = CardRowView.swift; sourceTree = "<group>"; };
		6EE4D3DF2DC8DDE100B9C17C /* CardDetailView.swift */ = {isa = PBXFileReference; lastKnownFileType = sourcecode.swift; path = CardDetailView.swift; sourceTree = "<group>"; };
		6EE4D3E12DC8DEB800B9C17C /* CrawlerViewModel.swift */ = {isa = PBXFileReference; lastKnownFileType = sourcecode.swift; path = CrawlerViewModel.swift; sourceTree = "<group>"; };
		6EE4D3E32DC8DF0A00B9C17C /* CardCrawler.swift */ = {isa = PBXFileReference; lastKnownFileType = sourcecode.swift; path = CardCrawler.swift; sourceTree = "<group>"; };
		6EE4D3E52DC8DFC800B9C17C /* DeckView.swift */ = {isa = PBXFileReference; lastKnownFileType = sourcecode.swift; path = DeckView.swift; sourceTree = "<group>"; };
		6EE92D002DC8EBEE00A5B19D /* NotificationExtensions.swift */ = {isa = PBXFileReference; lastKnownFileType = sourcecode.swift; path = NotificationExtensions.swift; sourceTree = "<group>"; };
/* End PBXFileReference section */

/* Begin PBXFrameworksBuildPhase section */
		6E7B97752DC8395B00A519E2 /* Frameworks */ = {
			isa = PBXFrameworksBuildPhase;
			buildActionMask = 2147483647;
			files = (
			);
			runOnlyForDeploymentPostprocessing = 0;
		};
		6E7B978B2DC8395F00A519E2 /* Frameworks */ = {
			isa = PBXFrameworksBuildPhase;
			buildActionMask = 2147483647;
			files = (
			);
			runOnlyForDeploymentPostprocessing = 0;
		};
		6E7B97952DC8395F00A519E2 /* Frameworks */ = {
			isa = PBXFrameworksBuildPhase;
			buildActionMask = 2147483647;
			files = (
			);
			runOnlyForDeploymentPostprocessing = 0;
		};
/* End PBXFrameworksBuildPhase section */

/* Begin PBXGroup section */
		6E7B976F2DC8395B00A519E2 = {
			isa = PBXGroup;
			children = (
				6E7B977A2DC8395B00A519E2 /* PokemonCardCrawler */,
				6E7B97912DC8395F00A519E2 /* PokemonCardCrawlerTests */,
				6E7B979B2DC8395F00A519E2 /* PokemonCardCrawlerUITests */,
				6E7B97792DC8395B00A519E2 /* Products */,
			);
			sourceTree = "<group>";
		};
		6E7B97792DC8395B00A519E2 /* Products */ = {
			isa = PBXGroup;
			children = (
				6E7B97782DC8395B00A519E2 /* PokemonCardCrawler.app */,
				6E7B978E2DC8395F00A519E2 /* PokemonCardCrawlerTests.xctest */,
				6E7B97982DC8395F00A519E2 /* PokemonCardCrawlerUITests.xctest */,
			);
			name = Products;
			sourceTree = "<group>";
		};
		6E7B977A2DC8395B00A519E2 /* PokemonCardCrawler */ = {
			isa = PBXGroup;
			children = (
				6E7B977B2DC8395B00A519E2 /* PokemonCardCrawlerApp.swift */,
				6EE92D002DC8EBEE00A5B19D /* NotificationExtensions.swift */,
				6E7B977D2DC8395B00A519E2 /* ContentView.swift */,
				6EE4D3DD2DC8DD7300B9C17C /* CardRowView.swift */,
				6EE4D3DF2DC8DDE100B9C17C /* CardDetailView.swift */,
				6EE4D3E12DC8DEB800B9C17C /* CrawlerViewModel.swift */,
				6EE4D3E32DC8DF0A00B9C17C /* CardCrawler.swift */,
				6EE4D3E52DC8DFC800B9C17C /* DeckView.swift */,
				6E7B977F2DC8395E00A519E2 /* Assets.xcassets */,
				6E7B97842DC8395E00A519E2 /* Persistence.swift */,
				6E7B97892DC8395E00A519E2 /* PokemonCardCrawler.entitlements */,
				6E7B97862DC8395E00A519E2 /* PokemonCardCrawler.xcdatamodeld */,
				6E7B97812DC8395E00A519E2 /* Preview Content */,
			);
			path = PokemonCardCrawler;
			sourceTree = "<group>";
		};
		6E7B97812DC8395E00A519E2 /* Preview Content */ = {
			isa = PBXGroup;
			children = (
				6E7B97822DC8395E00A519E2 /* Preview Assets.xcassets */,
			);
			path = "Preview Content";
			sourceTree = "<group>";
		};
		6E7B97912DC8395F00A519E2 /* PokemonCardCrawlerTests */ = {
			isa = PBXGroup;
			children = (
				6E7B97922DC8395F00A519E2 /* PokemonCardCrawlerTests.swift */,
			);
			path = PokemonCardCrawlerTests;
			sourceTree = "<group>";
		};
		6E7B979B2DC8395F00A519E2 /* PokemonCardCrawlerUITests */ = {
			isa = PBXGroup;
			children = (
				6E7B979C2DC8395F00A519E2 /* PokemonCardCrawlerUITests.swift */,
				6E7B979E2DC8395F00A519E2 /* PokemonCardCrawlerUITestsLaunchTests.swift */,
			);
			path = PokemonCardCrawlerUITests;
			sourceTree = "<group>";
		};
/* End PBXGroup section */

/* Begin PBXNativeTarget section */
		6E7B97772DC8395B00A519E2 /* PokemonCardCrawler */ = {
			isa = PBXNativeTarget;
			buildConfigurationList = 6E7B97A22DC8395F00A519E2 /* Build configuration list for PBXNativeTarget "PokemonCardCrawler" */;
			buildPhases = (
				6E7B97742DC8395B00A519E2 /* Sources */,
				6E7B97752DC8395B00A519E2 /* Frameworks */,
				6E7B97762DC8395B00A519E2 /* Resources */,
			);
			buildRules = (
			);
			dependencies = (
			);
			name = PokemonCardCrawler;
			productName = PokemonCardCrawler;
			productReference = 6E7B97782DC8395B00A519E2 /* PokemonCardCrawler.app */;
			productType = "com.apple.product-type.application";
		};
		6E7B978D2DC8395F00A519E2 /* PokemonCardCrawlerTests */ = {
			isa = PBXNativeTarget;
			buildConfigurationList = 6E7B97A52DC8395F00A519E2 /* Build configuration list for PBXNativeTarget "PokemonCardCrawlerTests" */;
			buildPhases = (
				6E7B978A2DC8395F00A519E2 /* Sources */,
				6E7B978B2DC8395F00A519E2 /* Frameworks */,
				6E7B978C2DC8395F00A519E2 /* Resources */,
			);
			buildRules = (
			);
			dependencies = (
				6E7B97902DC8395F00A519E2 /* PBXTargetDependency */,
			);
			name = PokemonCardCrawlerTests;
			productName = PokemonCardCrawlerTests;
			productReference = 6E7B978E2DC8395F00A519E2 /* PokemonCardCrawlerTests.xctest */;
			productType = "com.apple.product-type.bundle.unit-test";
		};
		6E7B97972DC8395F00A519E2 /* PokemonCardCrawlerUITests */ = {
			isa = PBXNativeTarget;
			buildConfigurationList = 6E7B97A82DC8395F00A519E2 /* Build configuration list for PBXNativeTarget "PokemonCardCrawlerUITests" */;
			buildPhases = (
				6E7B97942DC8395F00A519E2 /* Sources */,
				6E7B97952DC8395F00A519E2 /* Frameworks */,
				6E7B97962DC8395F00A519E2 /* Resources */,
			);
			buildRules = (
			);
			dependencies = (
				6E7B979A2DC8395F00A519E2 /* PBXTargetDependency */,
			);
			name = PokemonCardCrawlerUITests;
			productName = PokemonCardCrawlerUITests;
			productReference = 6E7B97982DC8395F00A519E2 /* PokemonCardCrawlerUITests.xctest */;
			productType = "com.apple.product-type.bundle.ui-testing";
		};
/* End PBXNativeTarget section */

/* Begin PBXProject section */
		6E7B97702DC8395B00A519E2 /* Project object */ = {
			isa = PBXProject;
			attributes = {
				BuildIndependentTargetsInParallel = 1;
				LastSwiftUpdateCheck = 1400;
				LastUpgradeCheck = 1400;
				TargetAttributes = {
					6E7B97772DC8395B00A519E2 = {
						CreatedOnToolsVersion = 14.0.1;
					};
					6E7B978D2DC8395F00A519E2 = {
						CreatedOnToolsVersion = 14.0.1;
						TestTargetID = 6E7B97772DC8395B00A519E2;
					};
					6E7B97972DC8395F00A519E2 = {
						CreatedOnToolsVersion = 14.0.1;
						TestTargetID = 6E7B97772DC8395B00A519E2;
					};
				};
			};
			buildConfigurationList = 6E7B97732DC8395B00A519E2 /* Build configuration list for PBXProject "PokemonCardCrawler" */;
			compatibilityVersion = "Xcode 14.0";
			developmentRegion = en;
			hasScannedForEncodings = 0;
			knownRegions = (
				en,
				Base,
			);
			mainGroup = 6E7B976F2DC8395B00A519E2;
			productRefGroup = 6E7B97792DC8395B00A519E2 /* Products */;
			projectDirPath = "";
			projectRoot = "";
			targets = (
				6E7B97772DC8395B00A519E2 /* PokemonCardCrawler */,
				6E7B978D2DC8395F00A519E2 /* PokemonCardCrawlerTests */,
				6E7B97972DC8395F00A519E2 /* PokemonCardCrawlerUITests */,
			);
		};
/* End PBXProject section */

/* Begin PBXResourcesBuildPhase section */
		6E7B97762DC8395B00A519E2 /* Resources */ = {
			isa = PBXResourcesBuildPhase;
			buildActionMask = 2147483647;
			files = (
				6E7B97832DC8395E00A519E2 /* Preview Assets.xcassets in Resources */,
				6E7B97802DC8395E00A519E2 /* Assets.xcassets in Resources */,
			);
			runOnlyForDeploymentPostprocessing = 0;
		};
		6E7B978C2DC8395F00A519E2 /* Resources */ = {
			isa = PBXResourcesBuildPhase;
			buildActionMask = 2147483647;
			files = (
			);
			runOnlyForDeploymentPostprocessing = 0;
		};
		6E7B97962DC8395F00A519E2 /* Resources */ = {
			isa = PBXResourcesBuildPhase;
			buildActionMask = 2147483647;
			files = (
			);
			runOnlyForDeploymentPostprocessing = 0;
		};
/* End PBXResourcesBuildPhase section */

/* Begin PBXSourcesBuildPhase section */
		6E7B97742DC8395B00A519E2 /* Sources */ = {
			isa = PBXSourcesBuildPhase;
			buildActionMask = 2147483647;
			files = (
				6EE4D3E22DC8DEB800B9C17C /* CrawlerViewModel.swift in Sources */,
				6E7B97852DC8395E00A519E2 /* Persistence.swift in Sources */,
				6EE4D3DE2DC8DD7300B9C17C /* CardRowView.swift in Sources */,
				6E7B977E2DC8395B00A519E2 /* ContentView.swift in Sources */,
				6EE4D3E02DC8DDE100B9C17C /* CardDetailView.swift in Sources */,
				6EE4D3E62DC8DFC800B9C17C /* DeckView.swift in Sources */,
				6E7B97882DC8395E00A519E2 /* PokemonCardCrawler.xcdatamodeld in Sources */,
				6EE4D3E42DC8DF0A00B9C17C /* CardCrawler.swift in Sources */,
				6EE92D012DC8EBEE00A5B19D /* NotificationExtensions.swift in Sources */,
				6E7B977C2DC8395B00A519E2 /* PokemonCardCrawlerApp.swift in Sources */,
			);
			runOnlyForDeploymentPostprocessing = 0;
		};
		6E7B978A2DC8395F00A519E2 /* Sources */ = {
			isa = PBXSourcesBuildPhase;
			buildActionMask = 2147483647;
			files = (
				6E7B97932DC8395F00A519E2 /* PokemonCardCrawlerTests.swift in Sources */,
			);
			runOnlyForDeploymentPostprocessing = 0;
		};
		6E7B97942DC8395F00A519E2 /* Sources */ = {
			isa = PBXSourcesBuildPhase;
			buildActionMask = 2147483647;
			files = (
				6E7B979D2DC8395F00A519E2 /* PokemonCardCrawlerUITests.swift in Sources */,
				6E7B979F2DC8395F00A519E2 /* PokemonCardCrawlerUITestsLaunchTests.swift in Sources */,
			);
			runOnlyForDeploymentPostprocessing = 0;
		};
/* End PBXSourcesBuildPhase section */

/* Begin PBXTargetDependency section */
		6E7B97902DC8395F00A519E2 /* PBXTargetDependency */ = {
			isa = PBXTargetDependency;
			target = 6E7B97772DC8395B00A519E2 /* PokemonCardCrawler */;
			targetProxy = 6E7B978F2DC8395F00A519E2 /* PBXContainerItemProxy */;
		};
		6E7B979A2DC8395F00A519E2 /* PBXTargetDependency */ = {
			isa = PBXTargetDependency;
			target = 6E7B97772DC8395B00A519E2 /* PokemonCardCrawler */;
			targetProxy = 6E7B97992DC8395F00A519E2 /* PBXContainerItemProxy */;
		};
/* End PBXTargetDependency section */

/* Begin XCBuildConfiguration section */
		6E7B97A02DC8395F00A519E2 /* Debug */ = {
			isa = XCBuildConfiguration;
			buildSettings = {
				ALWAYS_SEARCH_USER_PATHS = NO;
				CLANG_ANALYZER_NONNULL = YES;
				CLANG_ANALYZER_NUMBER_OBJECT_CONVERSION = YES_AGGRESSIVE;
				CLANG_CXX_LANGUAGE_STANDARD = "gnu++20";
				CLANG_ENABLE_MODULES = YES;
				CLANG_ENABLE_OBJC_ARC = YES;
				CLANG_ENABLE_OBJC_WEAK = YES;
				CLANG_WARN_BLOCK_CAPTURE_AUTORELEASING = YES;
				CLANG_WARN_BOOL_CONVERSION = YES;
				CLANG_WARN_COMMA = YES;
				CLANG_WARN_CONSTANT_CONVERSION = YES;
				CLANG_WARN_DEPRECATED_OBJC_IMPLEMENTATIONS = YES;
				CLANG_WARN_DIRECT_OBJC_ISA_USAGE = YES_ERROR;
				CLANG_WARN_DOCUMENTATION_COMMENTS = YES;
				CLANG_WARN_EMPTY_BODY = YES;
				CLANG_WARN_ENUM_CONVERSION = YES;
				CLANG_WARN_INFINITE_RECURSION = YES;
				CLANG_WARN_INT_CONVERSION = YES;
				CLANG_WARN_NON_LITERAL_NULL_CONVERSION = YES;
				CLANG_WARN_OBJC_IMPLICIT_RETAIN_SELF = YES;
				CLANG_WARN_OBJC_LITERAL_CONVERSION = YES;
				CLANG_WARN_OBJC_ROOT_CLASS = YES_ERROR;
				CLANG_WARN_QUOTED_INCLUDE_IN_FRAMEWORK_HEADER = YES;
				CLANG_WARN_RANGE_LOOP_ANALYSIS = YES;
				CLANG_WARN_STRICT_PROTOTYPES = YES;
				CLANG_WARN_SUSPICIOUS_MOVE = YES;
				CLANG_WARN_UNGUARDED_AVAILABILITY = YES_AGGRESSIVE;
				CLANG_WARN_UNREACHABLE_CODE = YES;
				CLANG_WARN__DUPLICATE_METHOD_MATCH = YES;
				COPY_PHASE_STRIP = NO;
				DEBUG_INFORMATION_FORMAT = dwarf;
				ENABLE_STRICT_OBJC_MSGSEND = YES;
				ENABLE_TESTABILITY = YES;
				GCC_C_LANGUAGE_STANDARD = gnu11;
				GCC_DYNAMIC_NO_PIC = NO;
				GCC_NO_COMMON_BLOCKS = YES;
				GCC_OPTIMIZATION_LEVEL = 0;
				GCC_PREPROCESSOR_DEFINITIONS = (
					"DEBUG=1",
					"$(inherited)",
				);
				GCC_WARN_64_TO_32_BIT_CONVERSION = YES;
				GCC_WARN_ABOUT_RETURN_TYPE = YES_ERROR;
				GCC_WARN_UNDECLARED_SELECTOR = YES;
				GCC_WARN_UNINITIALIZED_AUTOS = YES_AGGRESSIVE;
				GCC_WARN_UNUSED_FUNCTION = YES;
				GCC_WARN_UNUSED_VARIABLE = YES;
				MACOSX_DEPLOYMENT_TARGET = 12.3;
				MTL_ENABLE_DEBUG_INFO = INCLUDE_SOURCE;
				MTL_FAST_MATH = YES;
				ONLY_ACTIVE_ARCH = YES;
				SDKROOT = macosx;
				SWIFT_ACTIVE_COMPILATION_CONDITIONS = DEBUG;
				SWIFT_OPTIMIZATION_LEVEL = "-Onone";
			};
			name = Debug;
		};
		6E7B97A12DC8395F00A519E2 /* Release */ = {
			isa = XCBuildConfiguration;
			buildSettings = {
				ALWAYS_SEARCH_USER_PATHS = NO;
				CLANG_ANALYZER_NONNULL = YES;
				CLANG_ANALYZER_NUMBER_OBJECT_CONVERSION = YES_AGGRESSIVE;
				CLANG_CXX_LANGUAGE_STANDARD = "gnu++20";
				CLANG_ENABLE_MODULES = YES;
				CLANG_ENABLE_OBJC_ARC = YES;
				CLANG_ENABLE_OBJC_WEAK = YES;
				CLANG_WARN_BLOCK_CAPTURE_AUTORELEASING = YES;
				CLANG_WARN_BOOL_CONVERSION = YES;
				CLANG_WARN_COMMA = YES;
				CLANG_WARN_CONSTANT_CONVERSION = YES;
				CLANG_WARN_DEPRECATED_OBJC_IMPLEMENTATIONS = YES;
				CLANG_WARN_DIRECT_OBJC_ISA_USAGE = YES_ERROR;
				CLANG_WARN_DOCUMENTATION_COMMENTS = YES;
				CLANG_WARN_EMPTY_BODY = YES;
				CLANG_WARN_ENUM_CONVERSION = YES;
				CLANG_WARN_INFINITE_RECURSION = YES;
				CLANG_WARN_INT_CONVERSION = YES;
				CLANG_WARN_NON_LITERAL_NULL_CONVERSION = YES;
				CLANG_WARN_OBJC_IMPLICIT_RETAIN_SELF = YES;
				CLANG_WARN_OBJC_LITERAL_CONVERSION = YES;
				CLANG_WARN_OBJC_ROOT_CLASS = YES_ERROR;
				CLANG_WARN_QUOTED_INCLUDE_IN_FRAMEWORK_HEADER = YES;
				CLANG_WARN_RANGE_LOOP_ANALYSIS = YES;
				CLANG_WARN_STRICT_PROTOTYPES = YES;
				CLANG_WARN_SUSPICIOUS_MOVE = YES;
				CLANG_WARN_UNGUARDED_AVAILABILITY = YES_AGGRESSIVE;
				CLANG_WARN_UNREACHABLE_CODE = YES;
				CLANG_WARN__DUPLICATE_METHOD_MATCH = YES;
				COPY_PHASE_STRIP = NO;
				DEBUG_INFORMATION_FORMAT = "dwarf-with-dsym";
				ENABLE_NS_ASSERTIONS = NO;
				ENABLE_STRICT_OBJC_MSGSEND = YES;
				GCC_C_LANGUAGE_STANDARD = gnu11;
				GCC_NO_COMMON_BLOCKS = YES;
				GCC_WARN_64_TO_32_BIT_CONVERSION = YES;
				GCC_WARN_ABOUT_RETURN_TYPE = YES_ERROR;
				GCC_WARN_UNDECLARED_SELECTOR = YES;
				GCC_WARN_UNINITIALIZED_AUTOS = YES_AGGRESSIVE;
				GCC_WARN_UNUSED_FUNCTION = YES;
				GCC_WARN_UNUSED_VARIABLE = YES;
				MACOSX_DEPLOYMENT_TARGET = 12.3;
				MTL_ENABLE_DEBUG_INFO = NO;
				MTL_FAST_MATH = YES;
				SDKROOT = macosx;
				SWIFT_COMPILATION_MODE = wholemodule;
				SWIFT_OPTIMIZATION_LEVEL = "-O";
			};
			name = Release;
		};
		6E7B97A32DC8395F00A519E2 /* Debug */ = {
			isa = XCBuildConfiguration;
			buildSettings = {
				ASSETCATALOG_COMPILER_APPICON_NAME = AppIcon;
				ASSETCATALOG_COMPILER_GLOBAL_ACCENT_COLOR_NAME = AccentColor;
				CODE_SIGN_ENTITLEMENTS = PokemonCardCrawler/PokemonCardCrawler.entitlements;
				CODE_SIGN_STYLE = Automatic;
				COMBINE_HIDPI_IMAGES = YES;
				CURRENT_PROJECT_VERSION = 1;
				DEVELOPMENT_ASSET_PATHS = "\"PokemonCardCrawler/Preview Content\"";
				DEVELOPMENT_TEAM = 8M5ZB4R29P;
				ENABLE_HARDENED_RUNTIME = YES;
				ENABLE_PREVIEWS = YES;
				GENERATE_INFOPLIST_FILE = YES;
				INFOPLIST_KEY_NSHumanReadableCopyright = "";
				LD_RUNPATH_SEARCH_PATHS = (
					"$(inherited)",
					"@executable_path/../Frameworks",
				);
				MARKETING_VERSION = 1.0;
				PRODUCT_BUNDLE_IDENTIFIER = SwiftDeveloper.PokemonCardCrawler;
				PRODUCT_NAME = "$(TARGET_NAME)";
				SWIFT_EMIT_LOC_STRINGS = YES;
				SWIFT_VERSION = 5.0;
			};
			name = Debug;
		};
		6E7B97A42DC8395F00A519E2 /* Release */ = {
			isa = XCBuildConfiguration;
			buildSettings = {
				ASSETCATALOG_COMPILER_APPICON_NAME = AppIcon;
				ASSETCATALOG_COMPILER_GLOBAL_ACCENT_COLOR_NAME = AccentColor;
				CODE_SIGN_ENTITLEMENTS = PokemonCardCrawler/PokemonCardCrawler.entitlements;
				CODE_SIGN_STYLE = Automatic;
				COMBINE_HIDPI_IMAGES = YES;
				CURRENT_PROJECT_VERSION = 1;
				DEVELOPMENT_ASSET_PATHS = "\"PokemonCardCrawler/Preview Content\"";
				DEVELOPMENT_TEAM = 8M5ZB4R29P;
				ENABLE_HARDENED_RUNTIME = YES;
				ENABLE_PREVIEWS = YES;
				GENERATE_INFOPLIST_FILE = YES;
				INFOPLIST_KEY_NSHumanReadableCopyright = "";
				LD_RUNPATH_SEARCH_PATHS = (
					"$(inherited)",
					"@executable_path/../Frameworks",
				);
				MARKETING_VERSION = 1.0;
				PRODUCT_BUNDLE_IDENTIFIER = SwiftDeveloper.PokemonCardCrawler;
				PRODUCT_NAME = "$(TARGET_NAME)";
				SWIFT_EMIT_LOC_STRINGS = YES;
				SWIFT_VERSION = 5.0;
			};
			name = Release;
		};
		6E7B97A62DC8395F00A519E2 /* Debug */ = {
			isa = XCBuildConfiguration;
			buildSettings = {
				ALWAYS_EMBED_SWIFT_STANDARD_LIBRARIES = YES;
				BUNDLE_LOADER = "$(TEST_HOST)";
				CODE_SIGN_STYLE = Automatic;
				CURRENT_PROJECT_VERSION = 1;
				DEVELOPMENT_TEAM = 8M5ZB4R29P;
				GENERATE_INFOPLIST_FILE = YES;
				MACOSX_DEPLOYMENT_TARGET = 12.3;
				MARKETING_VERSION = 1.0;
				PRODUCT_BUNDLE_IDENTIFIER = SwiftDeveloper.PokemonCardCrawlerTests;
				PRODUCT_NAME = "$(TARGET_NAME)";
				SWIFT_EMIT_LOC_STRINGS = NO;
				SWIFT_VERSION = 5.0;
				TEST_HOST = "$(BUILT_PRODUCTS_DIR)/PokemonCardCrawler.app/$(BUNDLE_EXECUTABLE_FOLDER_PATH)/PokemonCardCrawler";
			};
			name = Debug;
		};
		6E7B97A72DC8395F00A519E2 /* Release */ = {
			isa = XCBuildConfiguration;
			buildSettings = {
				ALWAYS_EMBED_SWIFT_STANDARD_LIBRARIES = YES;
				BUNDLE_LOADER = "$(TEST_HOST)";
				CODE_SIGN_STYLE = Automatic;
				CURRENT_PROJECT_VERSION = 1;
				DEVELOPMENT_TEAM = 8M5ZB4R29P;
				GENERATE_INFOPLIST_FILE = YES;
				MACOSX_DEPLOYMENT_TARGET = 12.3;
				MARKETING_VERSION = 1.0;
				PRODUCT_BUNDLE_IDENTIFIER = SwiftDeveloper.PokemonCardCrawlerTests;
				PRODUCT_NAME = "$(TARGET_NAME)";
				SWIFT_EMIT_LOC_STRINGS = NO;
				SWIFT_VERSION = 5.0;
				TEST_HOST = "$(BUILT_PRODUCTS_DIR)/PokemonCardCrawler.app/$(BUNDLE_EXECUTABLE_FOLDER_PATH)/PokemonCardCrawler";
			};
			name = Release;
		};
		6E7B97A92DC8395F00A519E2 /* Debug */ = {
			isa = XCBuildConfiguration;
			buildSettings = {
				ALWAYS_EMBED_SWIFT_STANDARD_LIBRARIES = YES;
				CODE_SIGN_STYLE = Automatic;
				CURRENT_PROJECT_VERSION = 1;
				DEVELOPMENT_TEAM = 8M5ZB4R29P;
				GENERATE_INFOPLIST_FILE = YES;
				MARKETING_VERSION = 1.0;
				PRODUCT_BUNDLE_IDENTIFIER = SwiftDeveloper.PokemonCardCrawlerUITests;
				PRODUCT_NAME = "$(TARGET_NAME)";
				SWIFT_EMIT_LOC_STRINGS = NO;
				SWIFT_VERSION = 5.0;
				TEST_TARGET_NAME = PokemonCardCrawler;
			};
			name = Debug;
		};
		6E7B97AA2DC8395F00A519E2 /* Release */ = {
			isa = XCBuildConfiguration;
			buildSettings = {
				ALWAYS_EMBED_SWIFT_STANDARD_LIBRARIES = YES;
				CODE_SIGN_STYLE = Automatic;
				CURRENT_PROJECT_VERSION = 1;
				DEVELOPMENT_TEAM = 8M5ZB4R29P;
				GENERATE_INFOPLIST_FILE = YES;
				MARKETING_VERSION = 1.0;
				PRODUCT_BUNDLE_IDENTIFIER = SwiftDeveloper.PokemonCardCrawlerUITests;
				PRODUCT_NAME = "$(TARGET_NAME)";
				SWIFT_EMIT_LOC_STRINGS = NO;
				SWIFT_VERSION = 5.0;
				TEST_TARGET_NAME = PokemonCardCrawler;
			};
			name = Release;
		};
/* End XCBuildConfiguration section */

/* Begin XCConfigurationList section */
		6E7B97732DC8395B00A519E2 /* Build configuration list for PBXProject "PokemonCardCrawler" */ = {
			isa = XCConfigurationList;
			buildConfigurations = (
				6E7B97A02DC8395F00A519E2 /* Debug */,
				6E7B97A12DC8395F00A519E2 /* Release */,
			);
			defaultConfigurationIsVisible = 0;
			defaultConfigurationName = Release;
		};
		6E7B97A22DC8395F00A519E2 /* Build configuration list for PBXNativeTarget "PokemonCardCrawler" */ = {
			isa = XCConfigurationList;
			buildConfigurations = (
				6E7B97A32DC8395F00A519E2 /* Debug */,
				6E7B97A42DC8395F00A519E2 /* Release */,
			);
			defaultConfigurationIsVisible = 0;
			defaultConfigurationName = Release;
		};
		6E7B97A52DC8395F00A519E2 /* Build configuration list for PBXNativeTarget "PokemonCardCrawlerTests" */ = {
			isa = XCConfigurationList;
			buildConfigurations = (
				6E7B97A62DC8395F00A519E2 /* Debug */,
				6E7B97A72DC8395F00A519E2 /* Release */,
			);
			defaultConfigurationIsVisible = 0;
			defaultConfigurationName = Release;
		};
		6E7B97A82DC8395F00A519E2 /* Build configuration list for PBXNativeTarget "PokemonCardCrawlerUITests" */ = {
			isa = XCConfigurationList;
			buildConfigurations = (
				6E7B97A92DC8395F00A519E2 /* Debug */,
				6E7B97AA2DC8395F00A519E2 /* Release */,
			);
			defaultConfigurationIsVisible = 0;
			defaultConfigurationName = Release;
		};
/* End XCConfigurationList section */

/* Begin XCVersionGroup section */
		6E7B97862DC8395E00A519E2 /* PokemonCardCrawler.xcdatamodeld */ = {
			isa = XCVersionGroup;
			children = (
				6E7B97872DC8395E00A519E2 /* PokemonCardCrawler.xcdatamodel */,
			);
			currentVersion = 6E7B97872DC8395E00A519E2 /* PokemonCardCrawler.xcdatamodel */;
			path = PokemonCardCrawler.xcdatamodeld;
			sourceTree = "<group>";
			versionGroupType = wrapper.xcdatamodel;
		};
/* End XCVersionGroup section */
	};
	rootObject = 6E7B97702DC8395B00A519E2 /* Project object */;
}
